
Microsoft Visual Studio Solution File, Format Version 12.00
# Visual Studio Version 17
VisualStudioVersion = 17.6.33801.468
MinimumVisualStudioVersion = 10.0.40219.1
Project("{FAE04EC0-301F-11D3-BF4B-00C04F79EFBC}") = "test_GIT", "test_GIT.csproj", "{F8BD3074-7653-4006-A950-525FF9392DD5}"
EndProject
Global
	GlobalSection(SolutionConfigurationPlatforms) = preSolution
		Debug|Any CPU = Debug|Any CPU
		Release|Any CPU = Release|Any CPU
	EndGlobalSection
	GlobalSection(ProjectConfigurationPlatforms) = postSolution
		{F8BD3074-7653-4006-A950-525FF9392DD5}.Debug|Any CPU.ActiveCfg = Debug|Any CPU
		{F8BD3074-7653-4006-A950-525FF9392DD5}.Debug|Any CPU.Build.0 = Debug|Any CPU
		{F8BD3074-7653-4006-A950-525FF9392DD5}.Release|Any CPU.ActiveCfg = Release|Any CPU
		{F8BD3074-7653-4006-A950-525FF9392DD5}.Release|Any CPU.Build.0 = Release|Any CPU
	EndGlobalSection
	GlobalSection(SolutionProperties) = preSolution
		HideSolutionNode = FALSE
	EndGlobalSection
	GlobalSection(ExtensibilityGlobals) = postSolution
		SolutionGuid = {EE971F99-9261-4027-BAC4-F77E4F2437DA}
	EndGlobalSection
EndGlobal
